
Microsoft Visual Studio Solution File, Format Version 12.00
# Visual Studio Version 17
VisualStudioVersion = 17.10.35027.167
MinimumVisualStudioVersion = 10.0.40219.1
Project("{FAE04EC0-301F-11D3-BF4B-00C04F79EFBC}") = "ECommerce.WebUI", "ECommerce.WebUI\ECommerce.WebUI.csproj", "{1CA238B8-0E3D-439B-8F1A-21DA79AECC01}"
EndProject
Project("{FAE04EC0-301F-11D3-BF4B-00C04F79EFBC}") = "ECommerce.Core", "ECommerce.Core\ECommerce.Core.csproj", "{3C2AFEA4-720F-4410-A932-4CB2172E60E1}"
EndProject
Project("{FAE04EC0-301F-11D3-BF4B-00C04F79EFBC}") = "ECommerce.DataAccess", "ECommerce.DataAccess\ECommerce.DataAccess.csproj", "{842B4FCB-1A9E-42EB-A520-032B4ED3E135}"
EndProject
Project("{FAE04EC0-301F-11D3-BF4B-00C04F79EFBC}") = "ECommerce.Business", "ECommerce.Business\ECommerce.Business.csproj", "{B783A5D0-9331-4E4B-AB26-01BC6ED16300}"
EndProject
Project("{FAE04EC0-301F-11D3-BF4B-00C04F79EFBC}") = "ECommerce.Entities", "ECommerce.Entities\ECommerce.Entities.csproj", "{3B8C3DF0-5ADF-46E5-8E97-5572CB3DC607}"
EndProject
Global
	GlobalSection(SolutionConfigurationPlatforms) = preSolution
		Debug|Any CPU = Debug|Any CPU
		Release|Any CPU = Release|Any CPU
	EndGlobalSection
	GlobalSection(ProjectConfigurationPlatforms) = postSolution
		{1CA238B8-0E3D-439B-8F1A-21DA79AECC01}.Debug|Any CPU.ActiveCfg = Debug|Any CPU
		{1CA238B8-0E3D-439B-8F1A-21DA79AECC01}.Debug|Any CPU.Build.0 = Debug|Any CPU
		{1CA238B8-0E3D-439B-8F1A-21DA79AECC01}.Release|Any CPU.ActiveCfg = Release|Any CPU
		{1CA238B8-0E3D-439B-8F1A-21DA79AECC01}.Release|Any CPU.Build.0 = Release|Any CPU
		{3C2AFEA4-720F-4410-A932-4CB2172E60E1}.Debug|Any CPU.ActiveCfg = Debug|Any CPU
		{3C2AFEA4-720F-4410-A932-4CB2172E60E1}.Debug|Any CPU.Build.0 = Debug|Any CPU
		{3C2AFEA4-720F-4410-A932-4CB2172E60E1}.Release|Any CPU.ActiveCfg = Release|Any CPU
		{3C2AFEA4-720F-4410-A932-4CB2172E60E1}.Release|Any CPU.Build.0 = Release|Any CPU
		{842B4FCB-1A9E-42EB-A520-032B4ED3E135}.Debug|Any CPU.ActiveCfg = Debug|Any CPU
		{842B4FCB-1A9E-42EB-A520-032B4ED3E135}.Debug|Any CPU.Build.0 = Debug|Any CPU
		{842B4FCB-1A9E-42EB-A520-032B4ED3E135}.Release|Any CPU.ActiveCfg = Release|Any CPU
		{842B4FCB-1A9E-42EB-A520-032B4ED3E135}.Release|Any CPU.Build.0 = Release|Any CPU
		{B783A5D0-9331-4E4B-AB26-01BC6ED16300}.Debug|Any CPU.ActiveCfg = Debug|Any CPU
		{B783A5D0-9331-4E4B-AB26-01BC6ED16300}.Debug|Any CPU.Build.0 = Debug|Any CPU
		{B783A5D0-9331-4E4B-AB26-01BC6ED16300}.Release|Any CPU.ActiveCfg = Release|Any CPU
		{B783A5D0-9331-4E4B-AB26-01BC6ED16300}.Release|Any CPU.Build.0 = Release|Any CPU
		{3B8C3DF0-5ADF-46E5-8E97-5572CB3DC607}.Debug|Any CPU.ActiveCfg = Debug|Any CPU
		{3B8C3DF0-5ADF-46E5-8E97-5572CB3DC607}.Debug|Any CPU.Build.0 = Debug|Any CPU
		{3B8C3DF0-5ADF-46E5-8E97-5572CB3DC607}.Release|Any CPU.ActiveCfg = Release|Any CPU
		{3B8C3DF0-5ADF-46E5-8E97-5572CB3DC607}.Release|Any CPU.Build.0 = Release|Any CPU
	EndGlobalSection
	GlobalSection(SolutionProperties) = preSolution
		HideSolutionNode = FALSE
	EndGlobalSection
	GlobalSection(ExtensibilityGlobals) = postSolution
		SolutionGuid = {1707C352-15FF-403A-A366-971DA704F956}
	EndGlobalSection
EndGlobal
